
Microsoft Visual Studio Solution File, Format Version 12.00
# Visual Studio 15
VisualStudioVersion = 15.0.27004.2009
MinimumVisualStudioVersion = 10.0.40219.1
Project("{FAE04EC0-301F-11D3-BF4B-00C04F79EFBC}") = "DataAccessLibrary", "DataAccessLibrary\DataAccessLibrary.csproj", "{9A8CD1B4-BC27-413A-BB70-B3F0D45B4834}"
EndProject
Project("{FAE04EC0-301F-11D3-BF4B-00C04F79EFBC}") = "BusinessLogicLayer", "BusinessLogicLayer\BusinessLogicLayer.csproj", "{3A3D36C7-39A6-47FB-A935-EB67E9C9F806}"
EndProject
Project("{FAE04EC0-301F-11D3-BF4B-00C04F79EFBC}") = "Model", "Model\Model.csproj", "{6A5C9045-BBAC-4021-8672-0948873819F8}"
EndProject
Project("{FAE04EC0-301F-11D3-BF4B-00C04F79EFBC}") = "MVC食品溯源", "MVC食品溯源\MVC食品溯源.csproj", "{FADDEB16-CB7C-4A0D-B8C5-63D65EBEE13B}"
EndProject
Project("{FAE04EC0-301F-11D3-BF4B-00C04F79EFBC}") = "OutputConsole", "OutputConsole\OutputConsole.csproj", "{BDA83342-A741-485E-A2F0-6AF8D7E928A9}"
EndProject
Global
	GlobalSection(SolutionConfigurationPlatforms) = preSolution
		Debug|Any CPU = Debug|Any CPU
		Release|Any CPU = Release|Any CPU
	EndGlobalSection
	GlobalSection(ProjectConfigurationPlatforms) = postSolution
		{9A8CD1B4-BC27-413A-BB70-B3F0D45B4834}.Debug|Any CPU.ActiveCfg = Debug|Any CPU
		{9A8CD1B4-BC27-413A-BB70-B3F0D45B4834}.Debug|Any CPU.Build.0 = Debug|Any CPU
		{9A8CD1B4-BC27-413A-BB70-B3F0D45B4834}.Release|Any CPU.ActiveCfg = Release|Any CPU
		{9A8CD1B4-BC27-413A-BB70-B3F0D45B4834}.Release|Any CPU.Build.0 = Release|Any CPU
		{3A3D36C7-39A6-47FB-A935-EB67E9C9F806}.Debug|Any CPU.ActiveCfg = Debug|Any CPU
		{3A3D36C7-39A6-47FB-A935-EB67E9C9F806}.Debug|Any CPU.Build.0 = Debug|Any CPU
		{3A3D36C7-39A6-47FB-A935-EB67E9C9F806}.Release|Any CPU.ActiveCfg = Release|Any CPU
		{3A3D36C7-39A6-47FB-A935-EB67E9C9F806}.Release|Any CPU.Build.0 = Release|Any CPU
		{6A5C9045-BBAC-4021-8672-0948873819F8}.Debug|Any CPU.ActiveCfg = Debug|Any CPU
		{6A5C9045-BBAC-4021-8672-0948873819F8}.Debug|Any CPU.Build.0 = Debug|Any CPU
		{6A5C9045-BBAC-4021-8672-0948873819F8}.Release|Any CPU.ActiveCfg = Release|Any CPU
		{6A5C9045-BBAC-4021-8672-0948873819F8}.Release|Any CPU.Build.0 = Release|Any CPU
		{FADDEB16-CB7C-4A0D-B8C5-63D65EBEE13B}.Debug|Any CPU.ActiveCfg = Debug|Any CPU
		{FADDEB16-CB7C-4A0D-B8C5-63D65EBEE13B}.Debug|Any CPU.Build.0 = Debug|Any CPU
		{FADDEB16-CB7C-4A0D-B8C5-63D65EBEE13B}.Release|Any CPU.ActiveCfg = Release|Any CPU
		{FADDEB16-CB7C-4A0D-B8C5-63D65EBEE13B}.Release|Any CPU.Build.0 = Release|Any CPU
		{BDA83342-A741-485E-A2F0-6AF8D7E928A9}.Debug|Any CPU.ActiveCfg = Debug|Any CPU
		{BDA83342-A741-485E-A2F0-6AF8D7E928A9}.Debug|Any CPU.Build.0 = Debug|Any CPU
		{BDA83342-A741-485E-A2F0-6AF8D7E928A9}.Release|Any CPU.ActiveCfg = Release|Any CPU
		{BDA83342-A741-485E-A2F0-6AF8D7E928A9}.Release|Any CPU.Build.0 = Release|Any CPU
	EndGlobalSection
	GlobalSection(SolutionProperties) = preSolution
		HideSolutionNode = FALSE
	EndGlobalSection
	GlobalSection(ExtensibilityGlobals) = postSolution
		SolutionGuid = {556ADBE7-7523-46EA-A98F-45CFC16F5E9E}
	EndGlobalSection
EndGlobal
